
Microsoft Visual Studio Solution File, Format Version 12.00
# Visual Studio Version 17
VisualStudioVersion = 17.2.32630.192
MinimumVisualStudioVersion = 10.0.40219.1
Project("{FAE04EC0-301F-11D3-BF4B-00C04F79EFBC}") = "Constructors", "Constructors\Constructors.csproj", "{934BBE6D-D483-4C47-B175-D628F0781C2C}"
EndProject
Global
	GlobalSection(SolutionConfigurationPlatforms) = preSolution
		Debug|Any CPU = Debug|Any CPU
		Release|Any CPU = Release|Any CPU
	EndGlobalSection
	GlobalSection(ProjectConfigurationPlatforms) = postSolution
		{934BBE6D-D483-4C47-B175-D628F0781C2C}.Debug|Any CPU.ActiveCfg = Debug|Any CPU
		{934BBE6D-D483-4C47-B175-D628F0781C2C}.Debug|Any CPU.Build.0 = Debug|Any CPU
		{934BBE6D-D483-4C47-B175-D628F0781C2C}.Release|Any CPU.ActiveCfg = Release|Any CPU
		{934BBE6D-D483-4C47-B175-D628F0781C2C}.Release|Any CPU.Build.0 = Release|Any CPU
	EndGlobalSection
	GlobalSection(SolutionProperties) = preSolution
		HideSolutionNode = FALSE
	EndGlobalSection
	GlobalSection(ExtensibilityGlobals) = postSolution
		SolutionGuid = {648B7284-10DA-4B5B-B253-A8221762F00D}
	EndGlobalSection
EndGlobal
